
Microsoft Visual Studio Solution File, Format Version 12.00
# Visual Studio Version 17
VisualStudioVersion = 17.10.35013.160
MinimumVisualStudioVersion = 10.0.40219.1
Project("{FAE04EC0-301F-11D3-BF4B-00C04F79EFBC}") = "E_GYM_APP", "E_GYM_APP\E_GYM_APP.csproj", "{78F5091D-B105-4798-9A21-B7CDE7F9DFC8}"
EndProject
Global
	GlobalSection(SolutionConfigurationPlatforms) = preSolution
		Debug|Any CPU = Debug|Any CPU
		Release|Any CPU = Release|Any CPU
	EndGlobalSection
	GlobalSection(ProjectConfigurationPlatforms) = postSolution
		{78F5091D-B105-4798-9A21-B7CDE7F9DFC8}.Debug|Any CPU.ActiveCfg = Debug|Any CPU
		{78F5091D-B105-4798-9A21-B7CDE7F9DFC8}.Debug|Any CPU.Build.0 = Debug|Any CPU
		{78F5091D-B105-4798-9A21-B7CDE7F9DFC8}.Debug|Any CPU.Deploy.0 = Debug|Any CPU
		{78F5091D-B105-4798-9A21-B7CDE7F9DFC8}.Release|Any CPU.ActiveCfg = Release|Any CPU
		{78F5091D-B105-4798-9A21-B7CDE7F9DFC8}.Release|Any CPU.Build.0 = Release|Any CPU
		{78F5091D-B105-4798-9A21-B7CDE7F9DFC8}.Release|Any CPU.Deploy.0 = Release|Any CPU
	EndGlobalSection
	GlobalSection(SolutionProperties) = preSolution
		HideSolutionNode = FALSE
	EndGlobalSection
	GlobalSection(ExtensibilityGlobals) = postSolution
		SolutionGuid = {D7116EA7-FF4D-4FB6-AE3D-0081539E1B05}
	EndGlobalSection
EndGlobal
